
Microsoft Visual Studio Solution File, Format Version 12.00
# Visual Studio 15
VisualStudioVersion = 15.0.27130.2024
MinimumVisualStudioVersion = 10.0.40219.1
Project("{FAE04EC0-301F-11D3-BF4B-00C04F79EFBC}") = "NthMin", "NthMin\NthMin.csproj", "{3F0D9074-7F38-46ED-8CB1-0BF63183394C}"
EndProject
Global
	GlobalSection(SolutionConfigurationPlatforms) = preSolution
		Debug|Any CPU = Debug|Any CPU
		Release|Any CPU = Release|Any CPU
	EndGlobalSection
	GlobalSection(ProjectConfigurationPlatforms) = postSolution
		{3F0D9074-7F38-46ED-8CB1-0BF63183394C}.Debug|Any CPU.ActiveCfg = Debug|Any CPU
		{3F0D9074-7F38-46ED-8CB1-0BF63183394C}.Debug|Any CPU.Build.0 = Debug|Any CPU
		{3F0D9074-7F38-46ED-8CB1-0BF63183394C}.Release|Any CPU.ActiveCfg = Release|Any CPU
		{3F0D9074-7F38-46ED-8CB1-0BF63183394C}.Release|Any CPU.Build.0 = Release|Any CPU
	EndGlobalSection
	GlobalSection(SolutionProperties) = preSolution
		HideSolutionNode = FALSE
	EndGlobalSection
	GlobalSection(ExtensibilityGlobals) = postSolution
		SolutionGuid = {52C278EE-795E-432F-963C-A21E1A764C15}
	EndGlobalSection
EndGlobal
