
Microsoft Visual Studio Solution File, Format Version 12.00
# Visual Studio 15
VisualStudioVersion = 15.0.27130.2024
MinimumVisualStudioVersion = 10.0.40219.1
Project("{FAE04EC0-301F-11D3-BF4B-00C04F79EFBC}") = "1", "1\1.csproj", "{96B3DD9C-7D47-4F4A-B505-D08CBEF42D71}"
EndProject
Global
	GlobalSection(SolutionConfigurationPlatforms) = preSolution
		Debug|Any CPU = Debug|Any CPU
		Release|Any CPU = Release|Any CPU
	EndGlobalSection
	GlobalSection(ProjectConfigurationPlatforms) = postSolution
		{96B3DD9C-7D47-4F4A-B505-D08CBEF42D71}.Debug|Any CPU.ActiveCfg = Debug|Any CPU
		{96B3DD9C-7D47-4F4A-B505-D08CBEF42D71}.Debug|Any CPU.Build.0 = Debug|Any CPU
		{96B3DD9C-7D47-4F4A-B505-D08CBEF42D71}.Release|Any CPU.ActiveCfg = Release|Any CPU
		{96B3DD9C-7D47-4F4A-B505-D08CBEF42D71}.Release|Any CPU.Build.0 = Release|Any CPU
	EndGlobalSection
	GlobalSection(SolutionProperties) = preSolution
		HideSolutionNode = FALSE
	EndGlobalSection
	GlobalSection(ExtensibilityGlobals) = postSolution
		SolutionGuid = {4302CC70-9365-46A7-BE40-A6D9C948EAB3}
	EndGlobalSection
EndGlobal
