
Microsoft Visual Studio Solution File, Format Version 12.00
# Visual Studio 15
VisualStudioVersion = 15.0.27130.2024
MinimumVisualStudioVersion = 10.0.40219.1
Project("{FAE04EC0-301F-11D3-BF4B-00C04F79EFBC}") = "Doc", "Doc\Doc.csproj", "{4476B27F-2345-49C3-BFFC-24CFD25260F9}"
EndProject
Global
	GlobalSection(SolutionConfigurationPlatforms) = preSolution
		Debug|Any CPU = Debug|Any CPU
		Release|Any CPU = Release|Any CPU
	EndGlobalSection
	GlobalSection(ProjectConfigurationPlatforms) = postSolution
		{4476B27F-2345-49C3-BFFC-24CFD25260F9}.Debug|Any CPU.ActiveCfg = Debug|Any CPU
		{4476B27F-2345-49C3-BFFC-24CFD25260F9}.Debug|Any CPU.Build.0 = Debug|Any CPU
		{4476B27F-2345-49C3-BFFC-24CFD25260F9}.Release|Any CPU.ActiveCfg = Release|Any CPU
		{4476B27F-2345-49C3-BFFC-24CFD25260F9}.Release|Any CPU.Build.0 = Release|Any CPU
	EndGlobalSection
	GlobalSection(SolutionProperties) = preSolution
		HideSolutionNode = FALSE
	EndGlobalSection
	GlobalSection(ExtensibilityGlobals) = postSolution
		SolutionGuid = {C72CF6C1-1B33-4DDC-A844-F14BDFC9BEC0}
	EndGlobalSection
EndGlobal
